<?xml version="1.0" encoding="utf-8"?>
<Project ToolsVersion="4.0" xmlns="http://schemas.microsoft.com/developer/msbuild/2003">
  <ItemGroup>
    <Filter Include="Source files">
      <UniqueIdentifier>{9c45c9d3-ac1f-4a70-b860-5b44535c6142}</UniqueIdentifier>
      <Extensions>cpp;c;cc;cxx;def;odl;idl;hpj;bat;asm;asmx</Extensions>
    </Filter>
    <Filter Include="Header files">
      <UniqueIdentifier>{962163e0-4a9e-4412-814d-102e39286bbd}</UniqueIdentifier>
      <Extensions>h;hpp;hxx;hm;inl;inc;xsd</Extensions>
    </Filter>
    <Filter Include="Resource files">
      <UniqueIdentifier>{81427be3-1581-47e7-8706-5cc7e537042c}</UniqueIdentifier>
      <Extensions>rc;ico;cur;bmp;dlg;rc2;rct;bin;rgs;gif;jpg;jpeg;jpe;resx;tiff;tif;png;wav</Extensions>
    </Filter>
    <Filter Include="VisualGDB settings">
      <UniqueIdentifier>{e0354365-e6ae-4412-bd5f-453b52394378}</UniqueIdentifier>
      <Extensions>vgdbsettings</Extensions>
    </Filter>
  </ItemGroup>
  <ItemGroup>
    <ClCompile Include="LinuxProject5.cpp">
      <Filter>Source files</Filter>
    </ClCompile>
    <ClCompile Include="RadarModule.cpp">
      <Filter>Source files</Filter>
    </ClCompile>
  </ItemGroup>
  <ItemGroup>
    <None Include="LinuxProject5-Debug.vgdbsettings">
      <Filter>VisualGDB settings</Filter>
    </None>
    <None Include="LinuxProject5-Release.vgdbsettings">
      <Filter>VisualGDB settings</Filter>
    </None>
  </ItemGroup>
  <ItemGroup>
    <ClInclude Include="RadarModule.h">
      <Filter>Header files</Filter>
    </ClInclude>
  </ItemGroup>
</Project>